// !$*UTF8*$!
{
	archiveVersion = 1;
	classes = {
	};
	objectVersion = 46;
	objects = {

/* Begin PBXBuildFile section */
		88ADFA191BEB3637008C5180 /* AppDelegate.swift in Sources */ = {isa = PBXBuildFile; fileRef = 88ADFA181BEB3637008C5180 /* AppDelegate.swift */; };
		88ADFA1B1BEB3637008C5180 /* ViewController.swift in Sources */ = {isa = PBXBuildFile; fileRef = 88ADFA1A1BEB3637008C5180 /* ViewController.swift */; };
		88ADFA201BEB3637008C5180 /* Assets.xcassets in Resources */ = {isa = PBXBuildFile; fileRef = 88ADFA1F1BEB3637008C5180 /* Assets.xcassets */; };
		88ADFA231BEB3637008C5180 /* LaunchScreen.storyboard in Resources */ = {isa = PBXBuildFile; fileRef = 88ADFA211BEB3637008C5180 /* LaunchScreen.storyboard */; };
		88ADFA2E1BEB3637008C5180 /* ExampleAppTests.swift in Sources */ = {isa = PBXBuildFile; fileRef = 88ADFA2D1BEB3637008C5180 /* ExampleAppTests.swift */; };
/* End PBXBuildFile section */

/* Begin PBXContainerItemProxy section */
		88ADFA2A1BEB3637008C5180 /* PBXContainerItemProxy */ = {
			isa = PBXContainerItemProxy;
			containerPortal = 88ADFA0D1BEB3637008C5180 /* Project object */;
			proxyType = 1;
			remoteGlobalIDString = 88ADFA141BEB3637008C5180;
			remoteInfo = ExampleApp;
		};
/* End PBXContainerItemProxy section */

/* Begin PBXFileReference section */
		88ADFA151BEB3637008C5180 /* ExampleApp.app */ = {isa = PBXFileReference; explicitFileType = wrapper.application; includeInIndex = 0; path = ExampleApp.app; sourceTree = BUILT_PRODUCTS_DIR; };
		88ADFA181BEB3637008C5180 /* AppDelegate.swift */ = {isa = PBXFileReference; lastKnownFileType = sourcecode.swift; path = AppDelegate.swift; sourceTree = "<group>"; };
		88ADFA1A1BEB3637008C5180 /* ViewController.swift */ = {isa = PBXFileReference; lastKnownFileType = sourcecode.swift; path = ViewController.swift; sourceTree = "<group>"; };
		88ADFA1F1BEB3637008C5180 /* Assets.xcassets */ = {isa = PBXFileReference; lastKnownFileType = folder.assetcatalog; path = Assets.xcassets; sourceTree = "<group>"; };
		88ADFA221BEB3637008C5180 /* Base */ = {isa = PBXFileReference; lastKnownFileType = file.storyboard; name = Base; path = Base.lproj/LaunchScreen.storyboard; sourceTree = "<group>"; };
		88ADFA241BEB3637008C5180 /* Info.plist */ = {isa = PBXFileReference; lastKnownFileType = text.plist.xml; path = Info.plist; sourceTree = "<group>"; };
		88ADFA291BEB3637008C5180 /* ExampleAppTests.xctest */ = {isa = PBXFileReference; explicitFileType = wrapper.cfbundle; includeInIndex = 0; path = ExampleAppTests.xctest; sourceTree = BUILT_PRODUCTS_DIR; };
		88ADFA2D1BEB3637008C5180 /* ExampleAppTests.swift */ = {isa = PBXFileReference; lastKnownFileType = sourcecode.swift; path = ExampleAppTests.swift; sourceTree = "<group>"; };
		88ADFA2F1BEB3637008C5180 /* Info.plist */ = {isa = PBXFileReference; lastKnownFileType = text.plist.xml; path = Info.plist; sourceTree = "<group>"; };
/* End PBXFileReference section */

/* Begin PBXFrameworksBuildPhase section */
		88ADFA121BEB3637008C5180 /* Frameworks */ = {
			isa = PBXFrameworksBuildPhase;
			buildActionMask = 2147483647;
			files = (
			);
			runOnlyForDeploymentPostprocessing = 0;
		};
		88ADFA261BEB3637008C5180 /* Frameworks */ = {
			isa = PBXFrameworksBuildPhase;
			buildActionMask = 2147483647;
			files = (
			);
			runOnlyForDeploymentPostprocessing = 0;
		};
/* End PBXFrameworksBuildPhase section */

/* Begin PBXGroup section */
		88ADFA0C1BEB3637008C5180 = {
			isa = PBXGroup;
			children = (
				88ADFA171BEB3637008C5180 /* ExampleApp */,
				88ADFA2C1BEB3637008C5180 /* ExampleAppTests */,
				88ADFA161BEB3637008C5180 /* Products */,
			);
			sourceTree = "<group>";
		};
		88ADFA161BEB3637008C5180 /* Products */ = {
			isa = PBXGroup;
			children = (
				88ADFA151BEB3637008C5180 /* ExampleApp.app */,
				88ADFA291BEB3637008C5180 /* ExampleAppTests.xctest */,
			);
			name = Products;
			sourceTree = "<group>";
		};
		88ADFA171BEB3637008C5180 /* ExampleApp */ = {
			isa = PBXGroup;
			children = (
				88ADFA181BEB3637008C5180 /* AppDelegate.swift */,
				88ADFA1A1BEB3637008C5180 /* ViewController.swift */,
				88ADFA1F1BEB3637008C5180 /* Assets.xcassets */,
				88ADFA211BEB3637008C5180 /* LaunchScreen.storyboard */,
				88ADFA241BEB3637008C5180 /* Info.plist */,
			);
			path = ExampleApp;
			sourceTree = "<group>";
		};
		88ADFA2C1BEB3637008C5180 /* ExampleAppTests */ = {
			isa = PBXGroup;
			children = (
				88ADFA2D1BEB3637008C5180 /* ExampleAppTests.swift */,
				88ADFA2F1BEB3637008C5180 /* Info.plist */,
			);
			path = ExampleAppTests;
			sourceTree = "<group>";
		};
/* End PBXGroup section */

/* Begin PBXNativeTarget section */
		88ADFA141BEB3637008C5180 /* ExampleApp */ = {
			isa = PBXNativeTarget;
			buildConfigurationList = 88ADFA321BEB3637008C5180 /* Build configuration list for PBXNativeTarget "ExampleApp" */;
			buildPhases = (
				88ADFA111BEB3637008C5180 /* Sources */,
				88ADFA121BEB3637008C5180 /* Frameworks */,
				88ADFA131BEB3637008C5180 /* Resources */,
			);
			buildRules = (
			);
			dependencies = (
			);
			name = ExampleApp;
			productName = ExampleApp;
			productReference = 88ADFA151BEB3637008C5180 /* ExampleApp.app */;
			productType = "com.apple.product-type.application";
		};
		88ADFA281BEB3637008C5180 /* ExampleAppTests */ = {
			isa = PBXNativeTarget;
			buildConfigurationList = 88ADFA351BEB3637008C5180 /* Build configuration list for PBXNativeTarget "ExampleAppTests" */;
			buildPhases = (
				88ADFA251BEB3637008C5180 /* Sources */,
				88ADFA261BEB3637008C5180 /* Frameworks */,
				88ADFA271BEB3637008C5180 /* Resources */,
			);
			buildRules = (
			);
			dependencies = (
				88ADFA2B1BEB3637008C5180 /* PBXTargetDependency */,
			);
			name = ExampleAppTests;
			productName = ExampleAppTests;
			productReference = 88ADFA291BEB3637008C5180 /* ExampleAppTests.xctest */;
			productType = "com.apple.product-type.bundle.unit-test";
		};
/* End PBXNativeTarget section */

/* Begin PBXProject section */
		88ADFA0D1BEB3637008C5180 /* Project object */ = {
			isa = PBXProject;
			attributes = {
				LastUpgradeCheck = 0700;
				ORGANIZATIONNAME = "Jesse Farless";
				TargetAttributes = {
					88ADFA141BEB3637008C5180 = {
						CreatedOnToolsVersion = 7.0.1;
					};
					88ADFA281BEB3637008C5180 = {
						CreatedOnToolsVersion = 7.0.1;
						TestTargetID = 88ADFA141BEB3637008C5180;
					};
				};
			};
			buildConfigurationList = 88ADFA101BEB3637008C5180 /* Build configuration list for PBXProject "ExampleApp" */;
			compatibilityVersion = "Xcode 3.2";
			developmentRegion = English;
			hasScannedForEncodings = 0;
			knownRegions = (
				en,
				Base,
			);
			mainGroup = 88ADFA0C1BEB3637008C5180;
			productRefGroup = 88ADFA161BEB3637008C5180 /* Products */;
			projectDirPath = "";
			projectRoot = "";
			targets = (
				88ADFA141BEB3637008C5180 /* ExampleApp */,
				88ADFA281BEB3637008C5180 /* ExampleAppTests */,
			);
		};
/* End PBXProject section */

/* Begin PBXResourcesBuildPhase section */
		88ADFA131BEB3637008C5180 /* Resources */ = {
			isa = PBXResourcesBuildPhase;
			buildActionMask = 2147483647;
			files = (
				88ADFA231BEB3637008C5180 /* LaunchScreen.storyboard in Resources */,
				88ADFA201BEB3637008C5180 /* Assets.xcassets in Resources */,
			);
			runOnlyForDeploymentPostprocessing = 0;
		};
		88ADFA271BEB3637008C5180 /* Resources */ = {
			isa = PBXResourcesBuildPhase;
			buildActionMask = 2147483647;
			files = (
			);
			runOnlyForDeploymentPostprocessing = 0;
		};
/* End PBXResourcesBuildPhase section */

/* Begin PBXSourcesBuildPhase section */
		88ADFA111BEB3637008C5180 /* Sources */ = {
			isa = PBXSourcesBuildPhase;
			buildActionMask = 2147483647;
			files = (
				88ADFA1B1BEB3637008C5180 /* ViewController.swift in Sources */,
				88ADFA191BEB3637008C5180 /* AppDelegate.swift in Sources */,
			);
			runOnlyForDeploymentPostprocessing = 0;
		};
		88ADFA251BEB3637008C5180 /* Sources */ = {
			isa = PBXSourcesBuildPhase;
			buildActionMask = 2147483647;
			files = (
				88ADFA2E1BEB3637008C5180 /* ExampleAppTests.swift in Sources */,
			);
			runOnlyForDeploymentPostprocessing = 0;
		};
/* End PBXSourcesBuildPhase section */

/* Begin PBXTargetDependency section */
		88ADFA2B1BEB3637008C5180 /* PBXTargetDependency */ = {
			isa = PBXTargetDependency;
			target = 88ADFA141BEB3637008C5180 /* ExampleApp */;
			targetProxy = 88ADFA2A1BEB3637008C5180 /* PBXContainerItemProxy */;
		};
/* End PBXTargetDependency section */

/* Begin PBXVariantGroup section */
		88ADFA211BEB3637008C5180 /* LaunchScreen.storyboard */ = {
			isa = PBXVariantGroup;
			children = (
				88ADFA221BEB3637008C5180 /* Base */,
			);
			name = LaunchScreen.storyboard;
			sourceTree = "<group>";
		};
/* End PBXVariantGroup section */

/* Begin XCBuildConfiguration section */
		88ADFA301BEB3637008C5180 /* Debug */ = {
			isa = XCBuildConfiguration;
			buildSettings = {
				ALWAYS_SEARCH_USER_PATHS = NO;
				CLANG_CXX_LANGUAGE_STANDARD = "gnu++0x";
				CLANG_CXX_LIBRARY = "libc++";
				CLANG_ENABLE_MODULES = YES;
				CLANG_ENABLE_OBJC_ARC = YES;
				CLANG_WARN_BOOL_CONVERSION = YES;
				CLANG_WARN_CONSTANT_CONVERSION = YES;
				CLANG_WARN_DIRECT_OBJC_ISA_USAGE = YES_ERROR;
				CLANG_WARN_EMPTY_BODY = YES;
				CLANG_WARN_ENUM_CONVERSION = YES;
				CLANG_WARN_INT_CONVERSION = YES;
				CLANG_WARN_OBJC_ROOT_CLASS = YES_ERROR;
				CLANG_WARN_UNREACHABLE_CODE = YES;
				CLANG_WARN__DUPLICATE_METHOD_MATCH = YES;
				"CODE_SIGN_IDENTITY[sdk=iphoneos*]" = "iPhone Developer";
				COPY_PHASE_STRIP = NO;
				DEBUG_INFORMATION_FORMAT = dwarf;
				ENABLE_STRICT_OBJC_MSGSEND = YES;
				ENABLE_TESTABILITY = YES;
				GCC_C_LANGUAGE_STANDARD = gnu99;
				GCC_DYNAMIC_NO_PIC = NO;
				GCC_NO_COMMON_BLOCKS = YES;
				GCC_OPTIMIZATION_LEVEL = 0;
				GCC_PREPROCESSOR_DEFINITIONS = (
					"DEBUG=1",
					"$(inherited)",
				);
				GCC_WARN_64_TO_32_BIT_CONVERSION = YES;
				GCC_WARN_ABOUT_RETURN_TYPE = YES_ERROR;
				GCC_WARN_UNDECLARED_SELECTOR = YES;
				GCC_WARN_UNINITIALIZED_AUTOS = YES_AGGRESSIVE;
				GCC_WARN_UNUSED_FUNCTION = YES;
				GCC_WARN_UNUSED_VARIABLE = YES;
				IPHONEOS_DEPLOYMENT_TARGET = 9.0;
				MTL_ENABLE_DEBUG_INFO = YES;
				ONLY_ACTIVE_ARCH = YES;
				SDKROOT = iphoneos;
				SWIFT_OPTIMIZATION_LEVEL = "-Onone";
			};
			name = Debug;
		};
		88ADFA311BEB3637008C5180 /* Release */ = {
			isa = XCBuildConfiguration;
			buildSettings = {
				ALWAYS_SEARCH_USER_PATHS = NO;
				CLANG_CXX_LANGUAGE_STANDARD = "gnu++0x";
				CLANG_CXX_LIBRARY = "libc++";
				CLANG_ENABLE_MODULES = YES;
				CLANG_ENABLE_OBJC_ARC = YES;
				CLANG_WARN_BOOL_CONVERSION = YES;
				CLANG_WARN_CONSTANT_CONVERSION = YES;
				CLANG_WARN_DIRECT_OBJC_ISA_USAGE = YES_ERROR;
				CLANG_WARN_EMPTY_BODY = YES;
				CLANG_WARN_ENUM_CONVERSION = YES;
				CLANG_WARN_INT_CONVERSION = YES;
				CLANG_WARN_OBJC_ROOT_CLASS = YES_ERROR;
				CLANG_WARN_UNREACHABLE_CODE = YES;
				CLANG_WARN__DUPLICATE_METHOD_MATCH = YES;
				"CODE_SIGN_IDENTITY[sdk=iphoneos*]" = "iPhone Developer";
				COPY_PHASE_STRIP = NO;
				DEBUG_INFORMATION_FORMAT = "dwarf-with-dsym";
				ENABLE_NS_ASSERTIONS = NO;
				ENABLE_STRICT_OBJC_MSGSEND = YES;
				GCC_C_LANGUAGE_STANDARD = gnu99;
				GCC_NO_COMMON_BLOCKS = YES;
				GCC_WARN_64_TO_32_BIT_CONVERSION = YES;
				GCC_WARN_ABOUT_RETURN_TYPE = YES_ERROR;
				GCC_WARN_UNDECLARED_SELECTOR = YES;
				GCC_WARN_UNINITIALIZED_AUTOS = YES_AGGRESSIVE;
				GCC_WARN_UNUSED_FUNCTION = YES;
				GCC_WARN_UNUSED_VARIABLE = YES;
				IPHONEOS_DEPLOYMENT_TARGET = 9.0;
				MTL_ENABLE_DEBUG_INFO = NO;
				SDKROOT = iphoneos;
				VALIDATE_PRODUCT = YES;
			};
			name = Release;
		};
		88ADFA331BEB3637008C5180 /* Debug */ = {
			isa = XCBuildConfiguration;
			buildSettings = {
				ASSETCATALOG_COMPILER_APPICON_NAME = AppIcon;
				INFOPLIST_FILE = ExampleApp/Info.plist;
				LD_RUNPATH_SEARCH_PATHS = "$(inherited) @executable_path/Frameworks";
				PRODUCT_BUNDLE_IDENTIFIER = com.solidcell.ExampleApp;
				PRODUCT_NAME = "$(TARGET_NAME)";
			};
			name = Debug;
		};
		88ADFA341BEB3637008C5180 /* Release */ = {
			isa = XCBuildConfiguration;
			buildSettings = {
				ASSETCATALOG_COMPILER_APPICON_NAME = AppIcon;
				INFOPLIST_FILE = ExampleApp/Info.plist;
				LD_RUNPATH_SEARCH_PATHS = "$(inherited) @executable_path/Frameworks";
				PRODUCT_BUNDLE_IDENTIFIER = com.solidcell.ExampleApp;
				PRODUCT_NAME = "$(TARGET_NAME)";
			};
			name = Release;
		};
		88ADFA361BEB3637008C5180 /* Debug */ = {
			isa = XCBuildConfiguration;
			buildSettings = {
				BUNDLE_LOADER = "$(TEST_HOST)";
				INFOPLIST_FILE = ExampleAppTests/Info.plist;
				LD_RUNPATH_SEARCH_PATHS = "$(inherited) @executable_path/Frameworks @loader_path/Frameworks";
				PRODUCT_BUNDLE_IDENTIFIER = com.solidcell.ExampleAppTests;
				PRODUCT_NAME = "$(TARGET_NAME)";
				TEST_HOST = "$(BUILT_PRODUCTS_DIR)/ExampleApp.app/ExampleApp";
			};
			name = Debug;
		};
		88ADFA371BEB3637008C5180 /* Release */ = {
			isa = XCBuildConfiguration;
			buildSettings = {
				BUNDLE_LOADER = "$(TEST_HOST)";
				INFOPLIST_FILE = ExampleAppTests/Info.plist;
				LD_RUNPATH_SEARCH_PATHS = "$(inherited) @executable_path/Frameworks @loader_path/Frameworks";
				PRODUCT_BUNDLE_IDENTIFIER = com.solidcell.ExampleAppTests;
				PRODUCT_NAME = "$(TARGET_NAME)";
				TEST_HOST = "$(BUILT_PRODUCTS_DIR)/ExampleApp.app/ExampleApp";
			};
			name = Release;
		};
/* End XCBuildConfiguration section */

/* Begin XCConfigurationList section */
		88ADFA101BEB3637008C5180 /* Build configuration list for PBXProject "ExampleApp" */ = {
			isa = XCConfigurationList;
			buildConfigurations = (
				88ADFA301BEB3637008C5180 /* Debug */,
				88ADFA311BEB3637008C5180 /* Release */,
			);
			defaultConfigurationIsVisible = 0;
			defaultConfigurationName = Release;
		};
		88ADFA321BEB3637008C5180 /* Build configuration list for PBXNativeTarget "ExampleApp" */ = {
			isa = XCConfigurationList;
			buildConfigurations = (
				88ADFA331BEB3637008C5180 /* Debug */,
				88ADFA341BEB3637008C5180 /* Release */,
			);
			defaultConfigurationIsVisible = 0;
		};
		88ADFA351BEB3637008C5180 /* Build configuration list for PBXNativeTarget "ExampleAppTests" */ = {
			isa = XCConfigurationList;
			buildConfigurations = (
				88ADFA361BEB3637008C5180 /* Debug */,
				88ADFA371BEB3637008C5180 /* Release */,
			);
			defaultConfigurationIsVisible = 0;
		};
/* End XCConfigurationList section */
	};
	rootObject = 88ADFA0D1BEB3637008C5180 /* Project object */;
}
